
Microsoft Visual Studio Solution File, Format Version 12.00
Project("{FAE04EC0-301F-11D3-BF4B-00C04F79EFBC}") = "ExamServer", "ExamServer\ExamServer.csproj", "{B8E3D0BD-2BB7-48DB-AF31-0E0692271CA5}"
EndProject
Project("{FAE04EC0-301F-11D3-BF4B-00C04F79EFBC}") = "Data", "Data\Data.csproj", "{17D6C2AA-4020-49EA-8EC9-CCB653A37C70}"
EndProject
Project("{FAE04EC0-301F-11D3-BF4B-00C04F79EFBC}") = "Domain", "Domain\Domain.csproj", "{F6778BB7-566F-42EE-8E83-14721BB18C2F}"
EndProject
Project("{FAE04EC0-301F-11D3-BF4B-00C04F79EFBC}") = "Contracts", "Contracts\Contracts.csproj", "{79D92D7C-80EA-4599-A4CC-BCBED1A0830C}"
EndProject
Project("{2150E333-8FDC-42A3-9474-1A3956D46DE8}") = "Solution Items", "Solution Items", "{559382C1-D683-4EFE-AF70-FCA2D2153A12}"
	ProjectSection(SolutionItems) = preProject
		..\docker-compose.yml = ..\docker-compose.yml
		..\.hostnames = ..\.hostnames
	EndProjectSection
EndProject
Global
	GlobalSection(SolutionConfigurationPlatforms) = preSolution
		Debug|Any CPU = Debug|Any CPU
		Release|Any CPU = Release|Any CPU
	EndGlobalSection
	GlobalSection(ProjectConfigurationPlatforms) = postSolution
		{B8E3D0BD-2BB7-48DB-AF31-0E0692271CA5}.Debug|Any CPU.ActiveCfg = Debug|Any CPU
		{B8E3D0BD-2BB7-48DB-AF31-0E0692271CA5}.Debug|Any CPU.Build.0 = Debug|Any CPU
		{B8E3D0BD-2BB7-48DB-AF31-0E0692271CA5}.Release|Any CPU.ActiveCfg = Release|Any CPU
		{B8E3D0BD-2BB7-48DB-AF31-0E0692271CA5}.Release|Any CPU.Build.0 = Release|Any CPU
		{17D6C2AA-4020-49EA-8EC9-CCB653A37C70}.Debug|Any CPU.ActiveCfg = Debug|Any CPU
		{17D6C2AA-4020-49EA-8EC9-CCB653A37C70}.Debug|Any CPU.Build.0 = Debug|Any CPU
		{17D6C2AA-4020-49EA-8EC9-CCB653A37C70}.Release|Any CPU.ActiveCfg = Release|Any CPU
		{17D6C2AA-4020-49EA-8EC9-CCB653A37C70}.Release|Any CPU.Build.0 = Release|Any CPU
		{F6778BB7-566F-42EE-8E83-14721BB18C2F}.Debug|Any CPU.ActiveCfg = Debug|Any CPU
		{F6778BB7-566F-42EE-8E83-14721BB18C2F}.Debug|Any CPU.Build.0 = Debug|Any CPU
		{F6778BB7-566F-42EE-8E83-14721BB18C2F}.Release|Any CPU.ActiveCfg = Release|Any CPU
		{F6778BB7-566F-42EE-8E83-14721BB18C2F}.Release|Any CPU.Build.0 = Release|Any CPU
		{79D92D7C-80EA-4599-A4CC-BCBED1A0830C}.Debug|Any CPU.ActiveCfg = Debug|Any CPU
		{79D92D7C-80EA-4599-A4CC-BCBED1A0830C}.Debug|Any CPU.Build.0 = Debug|Any CPU
		{79D92D7C-80EA-4599-A4CC-BCBED1A0830C}.Release|Any CPU.ActiveCfg = Release|Any CPU
		{79D92D7C-80EA-4599-A4CC-BCBED1A0830C}.Release|Any CPU.Build.0 = Release|Any CPU
	EndGlobalSection
EndGlobal
